
Microsoft Visual Studio Solution File, Format Version 12.00
# Visual Studio Version 17
VisualStudioVersion = 17.11.35312.102
MinimumVisualStudioVersion = 10.0.40219.1
Project("{FAE04EC0-301F-11D3-BF4B-00C04F79EFBC}") = "Ejercicio 1.1 - Calculadora", "Ejercicio 1.1 - Calculadora.csproj", "{F2619589-0610-4E79-8F6F-955EDE524F1D}"
EndProject
Global
	GlobalSection(SolutionConfigurationPlatforms) = preSolution
		Debug|Any CPU = Debug|Any CPU
		Release|Any CPU = Release|Any CPU
	EndGlobalSection
	GlobalSection(ProjectConfigurationPlatforms) = postSolution
		{F2619589-0610-4E79-8F6F-955EDE524F1D}.Debug|Any CPU.ActiveCfg = Debug|Any CPU
		{F2619589-0610-4E79-8F6F-955EDE524F1D}.Debug|Any CPU.Build.0 = Debug|Any CPU
		{F2619589-0610-4E79-8F6F-955EDE524F1D}.Debug|Any CPU.Deploy.0 = Debug|Any CPU
		{F2619589-0610-4E79-8F6F-955EDE524F1D}.Release|Any CPU.ActiveCfg = Release|Any CPU
		{F2619589-0610-4E79-8F6F-955EDE524F1D}.Release|Any CPU.Build.0 = Release|Any CPU
		{F2619589-0610-4E79-8F6F-955EDE524F1D}.Release|Any CPU.Deploy.0 = Release|Any CPU
	EndGlobalSection
	GlobalSection(SolutionProperties) = preSolution
		HideSolutionNode = FALSE
	EndGlobalSection
	GlobalSection(ExtensibilityGlobals) = postSolution
		SolutionGuid = {4A064E5E-4983-47EF-896C-E1DE9B15539F}
	EndGlobalSection
EndGlobal
